
Microsoft Visual Studio Solution File, Format Version 12.00
# Visual Studio Version 17
VisualStudioVersion = 17.1.32414.318
MinimumVisualStudioVersion = 10.0.40219.1
Project("{FAE04EC0-301F-11D3-BF4B-00C04F79EFBC}") = "Week_9", "Week_9\Week_9.csproj", "{D6A77B17-FA78-468F-BF63-82EE66C5AECB}"
EndProject
Project("{FAE04EC0-301F-11D3-BF4B-00C04F79EFBC}") = "Week_9_Homework_3", "Week_9_Homework_3\Week_9_Homework_3.csproj", "{9EF913DC-5AB4-44E7-9483-64748F8A1BAD}"
EndProject
Global
	GlobalSection(SolutionConfigurationPlatforms) = preSolution
		Debug|Any CPU = Debug|Any CPU
		Release|Any CPU = Release|Any CPU
	EndGlobalSection
	GlobalSection(ProjectConfigurationPlatforms) = postSolution
		{D6A77B17-FA78-468F-BF63-82EE66C5AECB}.Debug|Any CPU.ActiveCfg = Debug|Any CPU
		{D6A77B17-FA78-468F-BF63-82EE66C5AECB}.Debug|Any CPU.Build.0 = Debug|Any CPU
		{D6A77B17-FA78-468F-BF63-82EE66C5AECB}.Release|Any CPU.ActiveCfg = Release|Any CPU
		{D6A77B17-FA78-468F-BF63-82EE66C5AECB}.Release|Any CPU.Build.0 = Release|Any CPU
		{9EF913DC-5AB4-44E7-9483-64748F8A1BAD}.Debug|Any CPU.ActiveCfg = Debug|Any CPU
		{9EF913DC-5AB4-44E7-9483-64748F8A1BAD}.Debug|Any CPU.Build.0 = Debug|Any CPU
		{9EF913DC-5AB4-44E7-9483-64748F8A1BAD}.Release|Any CPU.ActiveCfg = Release|Any CPU
		{9EF913DC-5AB4-44E7-9483-64748F8A1BAD}.Release|Any CPU.Build.0 = Release|Any CPU
	EndGlobalSection
	GlobalSection(SolutionProperties) = preSolution
		HideSolutionNode = FALSE
	EndGlobalSection
	GlobalSection(ExtensibilityGlobals) = postSolution
		SolutionGuid = {1DB9150D-4056-4CD3-A7DA-900EEA0F8858}
	EndGlobalSection
EndGlobal
