
Microsoft Visual Studio Solution File, Format Version 12.00
# Visual Studio Version 17
VisualStudioVersion = 17.1.32414.318
MinimumVisualStudioVersion = 10.0.40219.1
Project("{FAE04EC0-301F-11D3-BF4B-00C04F79EFBC}") = "Lecture_5", "Lecture_5\Lecture_5.csproj", "{11497B10-2E1E-413C-B5B9-6B2D3E7C19E2}"
EndProject
Global
	GlobalSection(SolutionConfigurationPlatforms) = preSolution
		Debug|Any CPU = Debug|Any CPU
		Release|Any CPU = Release|Any CPU
	EndGlobalSection
	GlobalSection(ProjectConfigurationPlatforms) = postSolution
		{11497B10-2E1E-413C-B5B9-6B2D3E7C19E2}.Debug|Any CPU.ActiveCfg = Debug|Any CPU
		{11497B10-2E1E-413C-B5B9-6B2D3E7C19E2}.Debug|Any CPU.Build.0 = Debug|Any CPU
		{11497B10-2E1E-413C-B5B9-6B2D3E7C19E2}.Release|Any CPU.ActiveCfg = Release|Any CPU
		{11497B10-2E1E-413C-B5B9-6B2D3E7C19E2}.Release|Any CPU.Build.0 = Release|Any CPU
	EndGlobalSection
	GlobalSection(SolutionProperties) = preSolution
		HideSolutionNode = FALSE
	EndGlobalSection
	GlobalSection(ExtensibilityGlobals) = postSolution
		SolutionGuid = {6C78BD5B-0E06-4BA1-A0D0-95387435B047}
	EndGlobalSection
EndGlobal
